
Microsoft Visual Studio Solution File, Format Version 12.00
# Visual Studio 15
VisualStudioVersion = 15.0.27428.2011
MinimumVisualStudioVersion = 10.0.40219.1
Project("{FAE04EC0-301F-11D3-BF4B-00C04F79EFBC}") = "Platformer 2D", "Platformer 2D\Platformer 2D.csproj", "{3F116A76-7CC1-4BA0-872C-B32F58B621E4}"
EndProject
Global
	GlobalSection(SolutionConfigurationPlatforms) = preSolution
		Debug|Any CPU = Debug|Any CPU
		Release|Any CPU = Release|Any CPU
	EndGlobalSection
	GlobalSection(ProjectConfigurationPlatforms) = postSolution
		{3F116A76-7CC1-4BA0-872C-B32F58B621E4}.Debug|Any CPU.ActiveCfg = Debug|Any CPU
		{3F116A76-7CC1-4BA0-872C-B32F58B621E4}.Debug|Any CPU.Build.0 = Debug|Any CPU
		{3F116A76-7CC1-4BA0-872C-B32F58B621E4}.Release|Any CPU.ActiveCfg = Release|Any CPU
		{3F116A76-7CC1-4BA0-872C-B32F58B621E4}.Release|Any CPU.Build.0 = Release|Any CPU
	EndGlobalSection
	GlobalSection(SolutionProperties) = preSolution
		HideSolutionNode = FALSE
	EndGlobalSection
	GlobalSection(ExtensibilityGlobals) = postSolution
		SolutionGuid = {52375917-4B2B-4481-BFA5-550B65F498DC}
	EndGlobalSection
EndGlobal
